
Microsoft Visual Studio Solution File, Format Version 12.00
# Visual Studio Version 16
VisualStudioVersion = 16.0.32510.428
MinimumVisualStudioVersion = 10.0.40219.1
Project("{FAE04EC0-301F-11D3-BF4B-00C04F79EFBC}") = "XSLMaker2", "XSLMaker2\XSLMaker2.csproj", "{403C3A71-B413-4F35-AAE9-8C2F2929CDC1}"
EndProject
Global
	GlobalSection(SolutionConfigurationPlatforms) = preSolution
		Debug|Any CPU = Debug|Any CPU
		Release|Any CPU = Release|Any CPU
	EndGlobalSection
	GlobalSection(ProjectConfigurationPlatforms) = postSolution
		{403C3A71-B413-4F35-AAE9-8C2F2929CDC1}.Debug|Any CPU.ActiveCfg = Debug|Any CPU
		{403C3A71-B413-4F35-AAE9-8C2F2929CDC1}.Debug|Any CPU.Build.0 = Debug|Any CPU
		{403C3A71-B413-4F35-AAE9-8C2F2929CDC1}.Release|Any CPU.ActiveCfg = Release|Any CPU
		{403C3A71-B413-4F35-AAE9-8C2F2929CDC1}.Release|Any CPU.Build.0 = Release|Any CPU
	EndGlobalSection
	GlobalSection(SolutionProperties) = preSolution
		HideSolutionNode = FALSE
	EndGlobalSection
	GlobalSection(ExtensibilityGlobals) = postSolution
		SolutionGuid = {DF9996AF-64BE-4CC5-AF73-0A8FD4FED073}
	EndGlobalSection
EndGlobal
